
Microsoft Visual Studio Solution File, Format Version 12.00
# Visual Studio 2012
Project("{8BC9CEB8-8B4A-11D0-8D11-00A0C91BC942}") = "SIOCPServer", "SIOCPServer\SIOCPServer.vcxproj", "{E0D6314C-AD49-4FDD-BB1D-7D82334864D9}"
EndProject
Global
	GlobalSection(SolutionConfigurationPlatforms) = preSolution
		Debug|Win32 = Debug|Win32
		Release|Win32 = Release|Win32
		StaticDebug|Win32 = StaticDebug|Win32
		StaticRelease|Win32 = StaticRelease|Win32
	EndGlobalSection
	GlobalSection(ProjectConfigurationPlatforms) = postSolution
		{E0D6314C-AD49-4FDD-BB1D-7D82334864D9}.Debug|Win32.ActiveCfg = Debug|Win32
		{E0D6314C-AD49-4FDD-BB1D-7D82334864D9}.Debug|Win32.Build.0 = Debug|Win32
		{E0D6314C-AD49-4FDD-BB1D-7D82334864D9}.Release|Win32.ActiveCfg = Release|Win32
		{E0D6314C-AD49-4FDD-BB1D-7D82334864D9}.Release|Win32.Build.0 = Release|Win32
		{E0D6314C-AD49-4FDD-BB1D-7D82334864D9}.StaticDebug|Win32.ActiveCfg = StaticDebug|Win32
		{E0D6314C-AD49-4FDD-BB1D-7D82334864D9}.StaticDebug|Win32.Build.0 = StaticDebug|Win32
		{E0D6314C-AD49-4FDD-BB1D-7D82334864D9}.StaticRelease|Win32.ActiveCfg = StaticRelease|Win32
		{E0D6314C-AD49-4FDD-BB1D-7D82334864D9}.StaticRelease|Win32.Build.0 = StaticRelease|Win32
	EndGlobalSection
	GlobalSection(SolutionProperties) = preSolution
		HideSolutionNode = FALSE
	EndGlobalSection
EndGlobal
